
Microsoft Visual Studio Solution File, Format Version 12.00
# Visual Studio Version 16
VisualStudioVersion = 16.0.31019.35
MinimumVisualStudioVersion = 10.0.40219.1
Project("{FAE04EC0-301F-11D3-BF4B-00C04F79EFBC}") = "Activity0501_ConstrainingTheDatabase", "Activity0501_ConstrainingTheDatabase\Activity0501_ConstrainingTheDatabase.csproj", "{EF6C62AC-1483-4494-BBB0-09A00EEB1C17}"
EndProject
Project("{9A19103F-16F7-4668-BE54-9A1E7A4F7556}") = "InventoryDatabaseCore", "InventoryDatabaseCore\InventoryDatabaseCore.csproj", "{DD8A0D58-6F37-4501-8D3B-6CE9E4383777}"
EndProject
Project("{9A19103F-16F7-4668-BE54-9A1E7A4F7556}") = "InventoryHelpers", "InventoryHelpers\InventoryHelpers.csproj", "{BA4EB214-7FD6-4A9C-8B70-E26D20E380BF}"
EndProject
Project("{9A19103F-16F7-4668-BE54-9A1E7A4F7556}") = "InventoryModels", "InventoryModels\InventoryModels.csproj", "{5B6859CA-C011-4CFC-A985-AE0FD73FC0BA}"
EndProject
Global
	GlobalSection(SolutionConfigurationPlatforms) = preSolution
		Debug|Any CPU = Debug|Any CPU
		Release|Any CPU = Release|Any CPU
	EndGlobalSection
	GlobalSection(ProjectConfigurationPlatforms) = postSolution
		{EF6C62AC-1483-4494-BBB0-09A00EEB1C17}.Debug|Any CPU.ActiveCfg = Debug|Any CPU
		{EF6C62AC-1483-4494-BBB0-09A00EEB1C17}.Debug|Any CPU.Build.0 = Debug|Any CPU
		{EF6C62AC-1483-4494-BBB0-09A00EEB1C17}.Release|Any CPU.ActiveCfg = Release|Any CPU
		{EF6C62AC-1483-4494-BBB0-09A00EEB1C17}.Release|Any CPU.Build.0 = Release|Any CPU
		{DD8A0D58-6F37-4501-8D3B-6CE9E4383777}.Debug|Any CPU.ActiveCfg = Debug|Any CPU
		{DD8A0D58-6F37-4501-8D3B-6CE9E4383777}.Debug|Any CPU.Build.0 = Debug|Any CPU
		{DD8A0D58-6F37-4501-8D3B-6CE9E4383777}.Release|Any CPU.ActiveCfg = Release|Any CPU
		{DD8A0D58-6F37-4501-8D3B-6CE9E4383777}.Release|Any CPU.Build.0 = Release|Any CPU
		{BA4EB214-7FD6-4A9C-8B70-E26D20E380BF}.Debug|Any CPU.ActiveCfg = Debug|Any CPU
		{BA4EB214-7FD6-4A9C-8B70-E26D20E380BF}.Debug|Any CPU.Build.0 = Debug|Any CPU
		{BA4EB214-7FD6-4A9C-8B70-E26D20E380BF}.Release|Any CPU.ActiveCfg = Release|Any CPU
		{BA4EB214-7FD6-4A9C-8B70-E26D20E380BF}.Release|Any CPU.Build.0 = Release|Any CPU
		{5B6859CA-C011-4CFC-A985-AE0FD73FC0BA}.Debug|Any CPU.ActiveCfg = Debug|Any CPU
		{5B6859CA-C011-4CFC-A985-AE0FD73FC0BA}.Debug|Any CPU.Build.0 = Debug|Any CPU
		{5B6859CA-C011-4CFC-A985-AE0FD73FC0BA}.Release|Any CPU.ActiveCfg = Release|Any CPU
		{5B6859CA-C011-4CFC-A985-AE0FD73FC0BA}.Release|Any CPU.Build.0 = Release|Any CPU
	EndGlobalSection
	GlobalSection(SolutionProperties) = preSolution
		HideSolutionNode = FALSE
	EndGlobalSection
	GlobalSection(ExtensibilityGlobals) = postSolution
		SolutionGuid = {394726C8-3BF9-47D5-86DB-CA2B4F0C4C86}
	EndGlobalSection
EndGlobal
