
Microsoft Visual Studio Solution File, Format Version 12.00
# Visual Studio Version 16
VisualStudioVersion = 16.0.31019.35
MinimumVisualStudioVersion = 10.0.40219.1
Project("{FAE04EC0-301F-11D3-BF4B-00C04F79EFBC}") = "Activity0903_WorkingWithAutomapper", "Activity0903_WorkingWithAutomapper\Activity0903_WorkingWithAutomapper.csproj", "{2DE50EE5-425E-4E83-9692-8A3CB0DA2C19}"
EndProject
Project("{9A19103F-16F7-4668-BE54-9A1E7A4F7556}") = "InventoryDatabaseCore", "InventoryDatabaseCore\InventoryDatabaseCore.csproj", "{A6B76516-FADF-4C01-BD34-5503F6BAEA78}"
EndProject
Project("{9A19103F-16F7-4668-BE54-9A1E7A4F7556}") = "InventoryHelpers", "InventoryHelpers\InventoryHelpers.csproj", "{49242C2B-AADD-4ADD-A2F2-225AB35205B7}"
EndProject
Project("{9A19103F-16F7-4668-BE54-9A1E7A4F7556}") = "InventoryModels", "InventoryModels\InventoryModels.csproj", "{7F6FE5C4-C317-4688-B6FC-F46F02BFED7A}"
EndProject
Global
	GlobalSection(SolutionConfigurationPlatforms) = preSolution
		Debug|Any CPU = Debug|Any CPU
		Release|Any CPU = Release|Any CPU
	EndGlobalSection
	GlobalSection(ProjectConfigurationPlatforms) = postSolution
		{2DE50EE5-425E-4E83-9692-8A3CB0DA2C19}.Debug|Any CPU.ActiveCfg = Debug|Any CPU
		{2DE50EE5-425E-4E83-9692-8A3CB0DA2C19}.Debug|Any CPU.Build.0 = Debug|Any CPU
		{2DE50EE5-425E-4E83-9692-8A3CB0DA2C19}.Release|Any CPU.ActiveCfg = Release|Any CPU
		{2DE50EE5-425E-4E83-9692-8A3CB0DA2C19}.Release|Any CPU.Build.0 = Release|Any CPU
		{A6B76516-FADF-4C01-BD34-5503F6BAEA78}.Debug|Any CPU.ActiveCfg = Debug|Any CPU
		{A6B76516-FADF-4C01-BD34-5503F6BAEA78}.Debug|Any CPU.Build.0 = Debug|Any CPU
		{A6B76516-FADF-4C01-BD34-5503F6BAEA78}.Release|Any CPU.ActiveCfg = Release|Any CPU
		{A6B76516-FADF-4C01-BD34-5503F6BAEA78}.Release|Any CPU.Build.0 = Release|Any CPU
		{49242C2B-AADD-4ADD-A2F2-225AB35205B7}.Debug|Any CPU.ActiveCfg = Debug|Any CPU
		{49242C2B-AADD-4ADD-A2F2-225AB35205B7}.Debug|Any CPU.Build.0 = Debug|Any CPU
		{49242C2B-AADD-4ADD-A2F2-225AB35205B7}.Release|Any CPU.ActiveCfg = Release|Any CPU
		{49242C2B-AADD-4ADD-A2F2-225AB35205B7}.Release|Any CPU.Build.0 = Release|Any CPU
		{7F6FE5C4-C317-4688-B6FC-F46F02BFED7A}.Debug|Any CPU.ActiveCfg = Debug|Any CPU
		{7F6FE5C4-C317-4688-B6FC-F46F02BFED7A}.Debug|Any CPU.Build.0 = Debug|Any CPU
		{7F6FE5C4-C317-4688-B6FC-F46F02BFED7A}.Release|Any CPU.ActiveCfg = Release|Any CPU
		{7F6FE5C4-C317-4688-B6FC-F46F02BFED7A}.Release|Any CPU.Build.0 = Release|Any CPU
	EndGlobalSection
	GlobalSection(SolutionProperties) = preSolution
		HideSolutionNode = FALSE
	EndGlobalSection
	GlobalSection(ExtensibilityGlobals) = postSolution
		SolutionGuid = {3EC49FAF-6265-45C5-A657-DB9BD612F15E}
	EndGlobalSection
EndGlobal
