
Microsoft Visual Studio Solution File, Format Version 12.00
# Visual Studio Version 16
VisualStudioVersion = 16.0.31019.35
MinimumVisualStudioVersion = 10.0.40219.1
Project("{9A19103F-16F7-4668-BE54-9A1E7A4F7556}") = "Activity0302_EFCoreNewDb", "Activity0302_EFCoreNewDb\Activity0302_EFCoreNewDb.csproj", "{2268CA02-F019-45CF-8B6E-6A7EB99E0CEA}"
EndProject
Project("{9A19103F-16F7-4668-BE54-9A1E7A4F7556}") = "InventoryDatabaseCore", "InventoryDatabaseCore\InventoryDatabaseCore.csproj", "{8220480B-3C62-4247-9909-956051A6BEA1}"
EndProject
Project("{FAE04EC0-301F-11D3-BF4B-00C04F79EFBC}") = "InventoryModels", "InventoryModels\InventoryModels.csproj", "{CA8486A2-36DE-4228-B97E-9A7FD1CF96C0}"
EndProject
Global
	GlobalSection(SolutionConfigurationPlatforms) = preSolution
		Debug|Any CPU = Debug|Any CPU
		Release|Any CPU = Release|Any CPU
	EndGlobalSection
	GlobalSection(ProjectConfigurationPlatforms) = postSolution
		{2268CA02-F019-45CF-8B6E-6A7EB99E0CEA}.Debug|Any CPU.ActiveCfg = Debug|Any CPU
		{2268CA02-F019-45CF-8B6E-6A7EB99E0CEA}.Debug|Any CPU.Build.0 = Debug|Any CPU
		{2268CA02-F019-45CF-8B6E-6A7EB99E0CEA}.Release|Any CPU.ActiveCfg = Release|Any CPU
		{2268CA02-F019-45CF-8B6E-6A7EB99E0CEA}.Release|Any CPU.Build.0 = Release|Any CPU
		{8220480B-3C62-4247-9909-956051A6BEA1}.Debug|Any CPU.ActiveCfg = Debug|Any CPU
		{8220480B-3C62-4247-9909-956051A6BEA1}.Debug|Any CPU.Build.0 = Debug|Any CPU
		{8220480B-3C62-4247-9909-956051A6BEA1}.Release|Any CPU.ActiveCfg = Release|Any CPU
		{8220480B-3C62-4247-9909-956051A6BEA1}.Release|Any CPU.Build.0 = Release|Any CPU
		{CA8486A2-36DE-4228-B97E-9A7FD1CF96C0}.Debug|Any CPU.ActiveCfg = Debug|Any CPU
		{CA8486A2-36DE-4228-B97E-9A7FD1CF96C0}.Debug|Any CPU.Build.0 = Debug|Any CPU
		{CA8486A2-36DE-4228-B97E-9A7FD1CF96C0}.Release|Any CPU.ActiveCfg = Release|Any CPU
		{CA8486A2-36DE-4228-B97E-9A7FD1CF96C0}.Release|Any CPU.Build.0 = Release|Any CPU
	EndGlobalSection
	GlobalSection(SolutionProperties) = preSolution
		HideSolutionNode = FALSE
	EndGlobalSection
	GlobalSection(ExtensibilityGlobals) = postSolution
		SolutionGuid = {2C57D35E-B8ED-462C-BBBD-A0B66FBA5546}
	EndGlobalSection
EndGlobal
