
Microsoft Visual Studio Solution File, Format Version 12.00
# Visual Studio Version 16
VisualStudioVersion = 16.0.31019.35
MinimumVisualStudioVersion = 10.0.40219.1
Project("{FAE04EC0-301F-11D3-BF4B-00C04F79EFBC}") = "Activity1001_Using_AlwaysEncrypted", "Activity1001_Using_AlwaysEncrypted\Activity1001_Using_AlwaysEncrypted.csproj", "{3784D4A5-6755-4687-8572-60FF0CAF25E9}"
EndProject
Project("{9A19103F-16F7-4668-BE54-9A1E7A4F7556}") = "InventoryDatabaseCore", "InventoryDatabaseCore\InventoryDatabaseCore.csproj", "{1A332276-EEAD-45A7-909D-DF2A904A362E}"
EndProject
Project("{9A19103F-16F7-4668-BE54-9A1E7A4F7556}") = "InventoryHelpers", "InventoryHelpers\InventoryHelpers.csproj", "{9976FDF8-011B-4BA3-947E-E9158572716D}"
EndProject
Project("{9A19103F-16F7-4668-BE54-9A1E7A4F7556}") = "InventoryModels", "InventoryModels\InventoryModels.csproj", "{7671AF9B-9AF6-46B0-905C-3B969A572851}"
EndProject
Global
	GlobalSection(SolutionConfigurationPlatforms) = preSolution
		Debug|Any CPU = Debug|Any CPU
		Release|Any CPU = Release|Any CPU
	EndGlobalSection
	GlobalSection(ProjectConfigurationPlatforms) = postSolution
		{3784D4A5-6755-4687-8572-60FF0CAF25E9}.Debug|Any CPU.ActiveCfg = Debug|Any CPU
		{3784D4A5-6755-4687-8572-60FF0CAF25E9}.Debug|Any CPU.Build.0 = Debug|Any CPU
		{3784D4A5-6755-4687-8572-60FF0CAF25E9}.Release|Any CPU.ActiveCfg = Release|Any CPU
		{3784D4A5-6755-4687-8572-60FF0CAF25E9}.Release|Any CPU.Build.0 = Release|Any CPU
		{1A332276-EEAD-45A7-909D-DF2A904A362E}.Debug|Any CPU.ActiveCfg = Debug|Any CPU
		{1A332276-EEAD-45A7-909D-DF2A904A362E}.Debug|Any CPU.Build.0 = Debug|Any CPU
		{1A332276-EEAD-45A7-909D-DF2A904A362E}.Release|Any CPU.ActiveCfg = Release|Any CPU
		{1A332276-EEAD-45A7-909D-DF2A904A362E}.Release|Any CPU.Build.0 = Release|Any CPU
		{9976FDF8-011B-4BA3-947E-E9158572716D}.Debug|Any CPU.ActiveCfg = Debug|Any CPU
		{9976FDF8-011B-4BA3-947E-E9158572716D}.Debug|Any CPU.Build.0 = Debug|Any CPU
		{9976FDF8-011B-4BA3-947E-E9158572716D}.Release|Any CPU.ActiveCfg = Release|Any CPU
		{9976FDF8-011B-4BA3-947E-E9158572716D}.Release|Any CPU.Build.0 = Release|Any CPU
		{7671AF9B-9AF6-46B0-905C-3B969A572851}.Debug|Any CPU.ActiveCfg = Debug|Any CPU
		{7671AF9B-9AF6-46B0-905C-3B969A572851}.Debug|Any CPU.Build.0 = Debug|Any CPU
		{7671AF9B-9AF6-46B0-905C-3B969A572851}.Release|Any CPU.ActiveCfg = Release|Any CPU
		{7671AF9B-9AF6-46B0-905C-3B969A572851}.Release|Any CPU.Build.0 = Release|Any CPU
	EndGlobalSection
	GlobalSection(SolutionProperties) = preSolution
		HideSolutionNode = FALSE
	EndGlobalSection
	GlobalSection(ExtensibilityGlobals) = postSolution
		SolutionGuid = {94DE370C-EACB-425D-A6B4-A80A6CD66CB9}
	EndGlobalSection
EndGlobal
